
Microsoft Visual Studio Solution File, Format Version 12.00
# Visual Studio Version 16
VisualStudioVersion = 16.0.30011.22
MinimumVisualStudioVersion = 10.0.40219.1
Project("{FAE04EC0-301F-11D3-BF4B-00C04F79EFBC}") = "App1.Android", "App1\App1.Android\App1.Android.csproj", "{3E322F60-C238-4446-9D36-98D53496139E}"
EndProject
Project("{FAE04EC0-301F-11D3-BF4B-00C04F79EFBC}") = "App1", "App1\App1\App1.csproj", "{2FFB64B3-FD70-4174-820A-48E521365481}"
EndProject
Project("{FAE04EC0-301F-11D3-BF4B-00C04F79EFBC}") = "WebApplication1", "WebApplication1\WebApplication1.csproj", "{513ABABA-D020-4F29-AD2A-11E0643BBC0E}"
EndProject
Global
	GlobalSection(SolutionConfigurationPlatforms) = preSolution
		Debug|Any CPU = Debug|Any CPU
		Release|Any CPU = Release|Any CPU
	EndGlobalSection
	GlobalSection(ProjectConfigurationPlatforms) = postSolution
		{3E322F60-C238-4446-9D36-98D53496139E}.Debug|Any CPU.ActiveCfg = Debug|Any CPU
		{3E322F60-C238-4446-9D36-98D53496139E}.Debug|Any CPU.Build.0 = Debug|Any CPU
		{3E322F60-C238-4446-9D36-98D53496139E}.Debug|Any CPU.Deploy.0 = Debug|Any CPU
		{3E322F60-C238-4446-9D36-98D53496139E}.Release|Any CPU.ActiveCfg = Release|Any CPU
		{3E322F60-C238-4446-9D36-98D53496139E}.Release|Any CPU.Build.0 = Release|Any CPU
		{3E322F60-C238-4446-9D36-98D53496139E}.Release|Any CPU.Deploy.0 = Release|Any CPU
		{2FFB64B3-FD70-4174-820A-48E521365481}.Debug|Any CPU.ActiveCfg = Debug|Any CPU
		{2FFB64B3-FD70-4174-820A-48E521365481}.Debug|Any CPU.Build.0 = Debug|Any CPU
		{2FFB64B3-FD70-4174-820A-48E521365481}.Debug|Any CPU.Deploy.0 = Debug|Any CPU
		{2FFB64B3-FD70-4174-820A-48E521365481}.Release|Any CPU.ActiveCfg = Release|Any CPU
		{2FFB64B3-FD70-4174-820A-48E521365481}.Release|Any CPU.Build.0 = Release|Any CPU
		{2FFB64B3-FD70-4174-820A-48E521365481}.Release|Any CPU.Deploy.0 = Release|Any CPU
		{513ABABA-D020-4F29-AD2A-11E0643BBC0E}.Debug|Any CPU.ActiveCfg = Debug|Any CPU
		{513ABABA-D020-4F29-AD2A-11E0643BBC0E}.Debug|Any CPU.Build.0 = Debug|Any CPU
		{513ABABA-D020-4F29-AD2A-11E0643BBC0E}.Release|Any CPU.ActiveCfg = Release|Any CPU
		{513ABABA-D020-4F29-AD2A-11E0643BBC0E}.Release|Any CPU.Build.0 = Release|Any CPU
	EndGlobalSection
	GlobalSection(SolutionProperties) = preSolution
		HideSolutionNode = FALSE
	EndGlobalSection
	GlobalSection(ExtensibilityGlobals) = postSolution
		SolutionGuid = {03C306FF-DE4A-4346-9BF1-D3D58551A31A}
	EndGlobalSection
EndGlobal
